
Microsoft Visual Studio Solution File, Format Version 12.00
# Visual Studio Version 17
VisualStudioVersion = 17.6.33829.357
MinimumVisualStudioVersion = 10.0.40219.1
Project("{FAE04EC0-301F-11D3-BF4B-00C04F79EFBC}") = "planilladetrabajadores", "planilladetrabajadores.csproj", "{7053F8B8-D1BD-4251-A071-13D21553814B}"
EndProject
Global
	GlobalSection(SolutionConfigurationPlatforms) = preSolution
		Debug|Any CPU = Debug|Any CPU
		Release|Any CPU = Release|Any CPU
	EndGlobalSection
	GlobalSection(ProjectConfigurationPlatforms) = postSolution
		{7053F8B8-D1BD-4251-A071-13D21553814B}.Debug|Any CPU.ActiveCfg = Debug|Any CPU
		{7053F8B8-D1BD-4251-A071-13D21553814B}.Debug|Any CPU.Build.0 = Debug|Any CPU
		{7053F8B8-D1BD-4251-A071-13D21553814B}.Release|Any CPU.ActiveCfg = Release|Any CPU
		{7053F8B8-D1BD-4251-A071-13D21553814B}.Release|Any CPU.Build.0 = Release|Any CPU
	EndGlobalSection
	GlobalSection(SolutionProperties) = preSolution
		HideSolutionNode = FALSE
	EndGlobalSection
	GlobalSection(ExtensibilityGlobals) = postSolution
		SolutionGuid = {43494EB3-CBE1-47FF-8014-4DC769130AD5}
	EndGlobalSection
EndGlobal
